<?xml version="1.0" encoding="utf-8"?>
<Project ToolsVersion="4.0" xmlns="http://schemas.microsoft.com/developer/msbuild/2003">
  <ItemGroup>
    <Filter Include="KamataEngine">
      <UniqueIdentifier>{4FC737F1-C7A5-4376-A066-2A32D752A2FF}</UniqueIdentifier>
      <Extensions>cpp;c;cc;cxx;c++;cppm;ixx;def;odl;idl;hpj;bat;asm;asmx</Extensions>
    </Filter>
    <Filter Include="KamataEngine\Source">
      <UniqueIdentifier>{d966e9f8-e880-44ae-8586-a08515e4cffc}</UniqueIdentifier>
    </Filter>
    <Filter Include="KamataEngine\Include">
      <UniqueIdentifier>{4aae4e40-94f7-4d32-9a91-c0c37a2edf0d}</UniqueIdentifier>
    </Filter>
    <Filter Include="KamataEngine\Adapter">
      <UniqueIdentifier>{c6468eb4-788b-4a83-b207-a5f4804e56c5}</UniqueIdentifier>
    </Filter>
    <Filter Include="Scene">
      <UniqueIdentifier>{47629186-759e-4734-8362-0d4e41525b5a}</UniqueIdentifier>
    </Filter>
    <Filter Include="Scene\Title">
      <UniqueIdentifier>{5879aa8b-831a-450e-8a5d-70310e402913}</UniqueIdentifier>
    </Filter>
    <Filter Include="Scene\Clear">
      <UniqueIdentifier>{b4d604e7-4924-4bd2-b30f-e63fbfea06f6}</UniqueIdentifier>
    </Filter>
    <Filter Include="Scene\InGame">
      <UniqueIdentifier>{1a78b9db-54ee-4224-a174-c14f21aa622c}</UniqueIdentifier>
    </Filter>
    <Filter Include="Entity">
      <UniqueIdentifier>{3d08679f-f333-4bae-bebf-a02caed846e0}</UniqueIdentifier>
    </Filter>
    <Filter Include="IOManager">
      <UniqueIdentifier>{fda28dd2-b9a9-4535-a85f-a56cdde6257a}</UniqueIdentifier>
    </Filter>
    <Filter Include="GameManager">
      <UniqueIdentifier>{d4848e25-edcb-4d3a-89b3-85d1adb75765}</UniqueIdentifier>
    </Filter>
  </ItemGroup>
  <ItemGroup>
    <ClCompile Include="main.cpp" />
    <ClCompile Include="C:\KamataEngine\Adapter\Novice.cpp">
      <Filter>KamataEngine\Adapter</Filter>
    </ClCompile>
    <ClCompile Include="IScene.cpp">
      <Filter>Scene</Filter>
    </ClCompile>
    <ClCompile Include="TitleScene.cpp">
      <Filter>Scene\Title</Filter>
    </ClCompile>
    <ClCompile Include="ClearScene.cpp">
      <Filter>Scene\Clear</Filter>
    </ClCompile>
    <ClCompile Include="InGameScene.cpp">
      <Filter>Scene\InGame</Filter>
    </ClCompile>
    <ClCompile Include="Enemy.cpp">
      <Filter>Entity</Filter>
    </ClCompile>
    <ClCompile Include="Player.cpp">
      <Filter>Entity</Filter>
    </ClCompile>
    <ClCompile Include="InputManager.cpp">
      <Filter>IOManager</Filter>
    </ClCompile>
    <ClCompile Include="GameManager.cpp">
      <Filter>GameManager</Filter>
    </ClCompile>
  </ItemGroup>
  <ItemGroup>
    <ClInclude Include="C:\KamataEngine\DirectXGame\audio\Audio.h">
      <Filter>KamataEngine\Include</Filter>
    </ClInclude>
    <ClInclude Include="C:\KamataEngine\DirectXGame\2d\DebugText.h">
      <Filter>KamataEngine\Include</Filter>
    </ClInclude>
    <ClInclude Include="C:\KamataEngine\DirectXGame\base\DirectXCommon.h">
      <Filter>KamataEngine\Include</Filter>
    </ClInclude>
    <ClInclude Include="C:\KamataEngine\DirectXGame\scene\GameScene.h">
      <Filter>KamataEngine\Include</Filter>
    </ClInclude>
    <ClInclude Include="C:\KamataEngine\DirectXGame\input\Input.h">
      <Filter>KamataEngine\Include</Filter>
    </ClInclude>
    <ClInclude Include="C:\KamataEngine\DirectXGame\3d\Model.h">
      <Filter>KamataEngine\Include</Filter>
    </ClInclude>
    <ClInclude Include="C:\KamataEngine\DirectXGame\base\SafeDelete.h">
      <Filter>KamataEngine\Include</Filter>
    </ClInclude>
    <ClInclude Include="C:\KamataEngine\DirectXGame\2d\Sprite.h">
      <Filter>KamataEngine\Include</Filter>
    </ClInclude>
    <ClInclude Include="C:\KamataEngine\DirectXGame\base\TextureManager.h">
      <Filter>KamataEngine\Include</Filter>
    </ClInclude>
    <ClInclude Include="C:\KamataEngine\DirectXGame\base\WinApp.h">
      <Filter>KamataEngine\Include</Filter>
    </ClInclude>
    <ClInclude Include="C:\KamataEngine\DirectXGame\3d\WorldTransform.h">
      <Filter>KamataEngine\Include</Filter>
    </ClInclude>
    <ClInclude Include="C:\KamataEngine\Adapter\Novice.h">
      <Filter>KamataEngine\Adapter</Filter>
    </ClInclude>
    <ClInclude Include="C:\KamataEngine\DirectXGame\3d\CircleShadow.h">
      <Filter>KamataEngine\Include</Filter>
    </ClInclude>
    <ClInclude Include="C:\KamataEngine\DirectXGame\3d\DebugCamera.h">
      <Filter>KamataEngine\Include</Filter>
    </ClInclude>
    <ClInclude Include="C:\KamataEngine\DirectXGame\3d\DirectionalLight.h">
      <Filter>KamataEngine\Include</Filter>
    </ClInclude>
    <ClInclude Include="C:\KamataEngine\DirectXGame\3d\LightGroup.h">
      <Filter>KamataEngine\Include</Filter>
    </ClInclude>
    <ClInclude Include="C:\KamataEngine\DirectXGame\3d\Material.h">
      <Filter>KamataEngine\Include</Filter>
    </ClInclude>
    <ClInclude Include="C:\KamataEngine\DirectXGame\3d\Mesh.h">
      <Filter>KamataEngine\Include</Filter>
    </ClInclude>
    <ClInclude Include="C:\KamataEngine\DirectXGame\3d\PointLight.h">
      <Filter>KamataEngine\Include</Filter>
    </ClInclude>
    <ClInclude Include="C:\KamataEngine\DirectXGame\3d\SpotLight.h">
      <Filter>KamataEngine\Include</Filter>
    </ClInclude>
    <ClInclude Include="C:\KamataEngine\DirectXGame\base\StringUtility.h">
      <Filter>KamataEngine\Include</Filter>
    </ClInclude>
    <ClInclude Include="..\DirectXGame\3d\Camera.h">
      <Filter>KamataEngine\Include</Filter>
    </ClInclude>
    <ClInclude Include="C:\KamataEngine\DirectXGame\math\Matrix4x4.h">
      <Filter>KamataEngine\Include</Filter>
    </ClInclude>
    <ClInclude Include="C:\KamataEngine\DirectXGame\math\Vector2.h">
      <Filter>KamataEngine\Include</Filter>
    </ClInclude>
    <ClInclude Include="C:\KamataEngine\DirectXGame\math\Vector3.h">
      <Filter>KamataEngine\Include</Filter>
    </ClInclude>
    <ClInclude Include="C:\KamataEngine\DirectXGame\math\Vector4.h">
      <Filter>KamataEngine\Include</Filter>
    </ClInclude>
    <ClInclude Include="C:\KamataEngine\DirectXGame\2d\ImGuiManager.h">
      <Filter>KamataEngine\Include</Filter>
    </ClInclude>
    <ClInclude Include="IScene.h">
      <Filter>Scene</Filter>
    </ClInclude>
    <ClInclude Include="TitleScene.h">
      <Filter>Scene\Title</Filter>
    </ClInclude>
    <ClInclude Include="ClearScene.h">
      <Filter>Scene\Clear</Filter>
    </ClInclude>
    <ClInclude Include="InGameScene.h">
      <Filter>Scene\InGame</Filter>
    </ClInclude>
    <ClInclude Include="Enemy.h">
      <Filter>Entity</Filter>
    </ClInclude>
    <ClInclude Include="Player.h">
      <Filter>Entity</Filter>
    </ClInclude>
    <ClInclude Include="InputManager.h">
      <Filter>IOManager</Filter>
    </ClInclude>
    <ClInclude Include="GameManager.h">
      <Filter>GameManager</Filter>
    </ClInclude>
  </ItemGroup>
</Project>