<?xml version="1.0" encoding="utf-8"?>
<Project ToolsVersion="4.0" xmlns="http://schemas.microsoft.com/developer/msbuild/2003">
  <ItemGroup>
    <Filter Include="KamataEngine">
      <UniqueIdentifier>{4FC737F1-C7A5-4376-A066-2A32D752A2FF}</UniqueIdentifier>
      <Extensions>cpp;c;cc;cxx;c++;cppm;ixx;def;odl;idl;hpj;bat;asm;asmx</Extensions>
    </Filter>
    <Filter Include="KamataEngine\Source">
      <UniqueIdentifier>{d966e9f8-e880-44ae-8586-a08515e4cffc}</UniqueIdentifier>
    </Filter>
    <Filter Include="KamataEngine\Include">
      <UniqueIdentifier>{4aae4e40-94f7-4d32-9a91-c0c37a2edf0d}</UniqueIdentifier>
    </Filter>
    <Filter Include="KamataEngine\Adapter">
      <UniqueIdentifier>{c6468eb4-788b-4a83-b207-a5f4804e56c5}</UniqueIdentifier>
    </Filter>
    <Filter Include="Application">
      <UniqueIdentifier>{8df39364-c1b4-421a-a9d8-151bf504b6ae}</UniqueIdentifier>
    </Filter>
    <Filter Include="Application\GameManager">
      <UniqueIdentifier>{ad12cdf6-c232-4d11-8bec-27d293456967}</UniqueIdentifier>
    </Filter>
    <Filter Include="Application\InputManager">
      <UniqueIdentifier>{59379156-1928-4be9-a4f2-d23f84ac0e21}</UniqueIdentifier>
    </Filter>
    <Filter Include="Application\Scene">
      <UniqueIdentifier>{cefddca6-334f-4a47-9b6e-20f53ace43a6}</UniqueIdentifier>
    </Filter>
    <Filter Include="Application\Scene\Title">
      <UniqueIdentifier>{7301b9dc-8f72-4e0e-8fd4-a0684a22f5c1}</UniqueIdentifier>
    </Filter>
    <Filter Include="Application\Scene\InGame">
      <UniqueIdentifier>{f065af22-617a-460b-a3fb-c2bd2afa9712}</UniqueIdentifier>
    </Filter>
    <Filter Include="Application\Scene\Clear">
      <UniqueIdentifier>{22e85458-910a-4686-accf-fec3e549a621}</UniqueIdentifier>
    </Filter>
    <Filter Include="Application\Entitiy">
      <UniqueIdentifier>{f7e41925-814e-41bb-8073-b6e835adf154}</UniqueIdentifier>
    </Filter>
    <Filter Include="Application\Entitiy\Player">
      <UniqueIdentifier>{0a4faa6d-4df9-4ccd-a920-42f40358bd30}</UniqueIdentifier>
    </Filter>
    <Filter Include="Application\Entitiy\Enemy">
      <UniqueIdentifier>{fb708869-9328-42de-b9bd-01b0365df752}</UniqueIdentifier>
    </Filter>
  </ItemGroup>
  <ItemGroup>
    <ClCompile Include="main.cpp" />
    <ClCompile Include="C:\KamataEngine\Adapter\Novice.cpp">
      <Filter>KamataEngine\Adapter</Filter>
    </ClCompile>
    <ClCompile Include="GameManager.cpp">
      <Filter>Application\GameManager</Filter>
    </ClCompile>
    <ClCompile Include="IScene.cpp">
      <Filter>Application\Scene</Filter>
    </ClCompile>
    <ClCompile Include="TitleScene.cpp">
      <Filter>Application\Scene\Title</Filter>
    </ClCompile>
    <ClCompile Include="InGameScene.cpp">
      <Filter>Application\Scene\InGame</Filter>
    </ClCompile>
    <ClCompile Include="ClearScene.cpp">
      <Filter>Application\Scene\Clear</Filter>
    </ClCompile>
    <ClCompile Include="InputManager.cpp">
      <Filter>Application\InputManager</Filter>
    </ClCompile>
    <ClCompile Include="Player.cpp">
      <Filter>Application\Entitiy\Player</Filter>
    </ClCompile>
    <ClCompile Include="Enemy.cpp">
      <Filter>Application\Entitiy\Enemy</Filter>
    </ClCompile>
  </ItemGroup>
  <ItemGroup>
    <ClInclude Include="C:\KamataEngine\DirectXGame\audio\Audio.h">
      <Filter>KamataEngine\Include</Filter>
    </ClInclude>
    <ClInclude Include="C:\KamataEngine\DirectXGame\2d\DebugText.h">
      <Filter>KamataEngine\Include</Filter>
    </ClInclude>
    <ClInclude Include="C:\KamataEngine\DirectXGame\base\DirectXCommon.h">
      <Filter>KamataEngine\Include</Filter>
    </ClInclude>
    <ClInclude Include="C:\KamataEngine\DirectXGame\scene\GameScene.h">
      <Filter>KamataEngine\Include</Filter>
    </ClInclude>
    <ClInclude Include="C:\KamataEngine\DirectXGame\input\Input.h">
      <Filter>KamataEngine\Include</Filter>
    </ClInclude>
    <ClInclude Include="C:\KamataEngine\DirectXGame\3d\Model.h">
      <Filter>KamataEngine\Include</Filter>
    </ClInclude>
    <ClInclude Include="C:\KamataEngine\DirectXGame\base\SafeDelete.h">
      <Filter>KamataEngine\Include</Filter>
    </ClInclude>
    <ClInclude Include="C:\KamataEngine\DirectXGame\2d\Sprite.h">
      <Filter>KamataEngine\Include</Filter>
    </ClInclude>
    <ClInclude Include="C:\KamataEngine\DirectXGame\base\TextureManager.h">
      <Filter>KamataEngine\Include</Filter>
    </ClInclude>
    <ClInclude Include="C:\KamataEngine\DirectXGame\base\WinApp.h">
      <Filter>KamataEngine\Include</Filter>
    </ClInclude>
    <ClInclude Include="C:\KamataEngine\DirectXGame\3d\WorldTransform.h">
      <Filter>KamataEngine\Include</Filter>
    </ClInclude>
    <ClInclude Include="C:\KamataEngine\Adapter\Novice.h">
      <Filter>KamataEngine\Adapter</Filter>
    </ClInclude>
    <ClInclude Include="C:\KamataEngine\DirectXGame\3d\CircleShadow.h">
      <Filter>KamataEngine\Include</Filter>
    </ClInclude>
    <ClInclude Include="C:\KamataEngine\DirectXGame\3d\DebugCamera.h">
      <Filter>KamataEngine\Include</Filter>
    </ClInclude>
    <ClInclude Include="C:\KamataEngine\DirectXGame\3d\DirectionalLight.h">
      <Filter>KamataEngine\Include</Filter>
    </ClInclude>
    <ClInclude Include="C:\KamataEngine\DirectXGame\3d\LightGroup.h">
      <Filter>KamataEngine\Include</Filter>
    </ClInclude>
    <ClInclude Include="C:\KamataEngine\DirectXGame\3d\Material.h">
      <Filter>KamataEngine\Include</Filter>
    </ClInclude>
    <ClInclude Include="C:\KamataEngine\DirectXGame\3d\Mesh.h">
      <Filter>KamataEngine\Include</Filter>
    </ClInclude>
    <ClInclude Include="C:\KamataEngine\DirectXGame\3d\PointLight.h">
      <Filter>KamataEngine\Include</Filter>
    </ClInclude>
    <ClInclude Include="C:\KamataEngine\DirectXGame\3d\SpotLight.h">
      <Filter>KamataEngine\Include</Filter>
    </ClInclude>
    <ClInclude Include="C:\KamataEngine\DirectXGame\base\StringUtility.h">
      <Filter>KamataEngine\Include</Filter>
    </ClInclude>
    <ClInclude Include="..\DirectXGame\3d\Camera.h">
      <Filter>KamataEngine\Include</Filter>
    </ClInclude>
    <ClInclude Include="C:\KamataEngine\DirectXGame\math\Matrix4x4.h">
      <Filter>KamataEngine\Include</Filter>
    </ClInclude>
    <ClInclude Include="C:\KamataEngine\DirectXGame\math\Vector2.h">
      <Filter>KamataEngine\Include</Filter>
    </ClInclude>
    <ClInclude Include="C:\KamataEngine\DirectXGame\math\Vector3.h">
      <Filter>KamataEngine\Include</Filter>
    </ClInclude>
    <ClInclude Include="C:\KamataEngine\DirectXGame\math\Vector4.h">
      <Filter>KamataEngine\Include</Filter>
    </ClInclude>
    <ClInclude Include="C:\KamataEngine\DirectXGame\2d\ImGuiManager.h">
      <Filter>KamataEngine\Include</Filter>
    </ClInclude>
    <ClInclude Include="GameManager.h">
      <Filter>Application\GameManager</Filter>
    </ClInclude>
    <ClInclude Include="IScene.h">
      <Filter>Application\Scene</Filter>
    </ClInclude>
    <ClInclude Include="TitleScene.h">
      <Filter>Application\Scene\Title</Filter>
    </ClInclude>
    <ClInclude Include="InGameScene.h">
      <Filter>Application\Scene\InGame</Filter>
    </ClInclude>
    <ClInclude Include="ClearScene.h">
      <Filter>Application\Scene\Clear</Filter>
    </ClInclude>
    <ClInclude Include="InputManager.h">
      <Filter>Application\InputManager</Filter>
    </ClInclude>
    <ClInclude Include="Player.h">
      <Filter>Application\Entitiy\Player</Filter>
    </ClInclude>
    <ClInclude Include="Enemy.h">
      <Filter>Application\Entitiy\Enemy</Filter>
    </ClInclude>
  </ItemGroup>
</Project>